
Microsoft Visual Studio Solution File, Format Version 12.00
# Visual Studio Version 17
VisualStudioVersion = 17.4.33213.308
MinimumVisualStudioVersion = 10.0.40219.1
Project("{FAE04EC0-301F-11D3-BF4B-00C04F79EFBC}") = "StartupManager", "StartupManager\StartupManager.csproj", "{18637C13-B9EE-4D20-B53B-F2A96C7F9002}"
EndProject
Global
	GlobalSection(SolutionConfigurationPlatforms) = preSolution
		Debug|Any CPU = Debug|Any CPU
		Release|Any CPU = Release|Any CPU
	EndGlobalSection
	GlobalSection(ProjectConfigurationPlatforms) = postSolution
		{18637C13-B9EE-4D20-B53B-F2A96C7F9002}.Debug|Any CPU.ActiveCfg = Debug|Any CPU
		{18637C13-B9EE-4D20-B53B-F2A96C7F9002}.Debug|Any CPU.Build.0 = Debug|Any CPU
		{18637C13-B9EE-4D20-B53B-F2A96C7F9002}.Release|Any CPU.ActiveCfg = Release|Any CPU
		{18637C13-B9EE-4D20-B53B-F2A96C7F9002}.Release|Any CPU.Build.0 = Release|Any CPU
	EndGlobalSection
	GlobalSection(SolutionProperties) = preSolution
		HideSolutionNode = FALSE
	EndGlobalSection
	GlobalSection(ExtensibilityGlobals) = postSolution
		SolutionGuid = {1C71B4E3-8E89-435A-94A7-527B53072869}
	EndGlobalSection
EndGlobal
